{
  "name": "workavatar-plugin-word-editor",
  "version": "0.1.0",
  "lockfileVersion": 3,
  "requires": true,
  "packages": {
    "": {
      "name": "workavatar-plugin-word-editor",
      "version": "0.1.0",
      "dependencies": {
        "@forevka/wordcanvas": "^0.12.0",
        "zustand": "^5.0.13"
      },
      "devDependencies": {
        "@ant-design/icons": "^6.2.2",
        "antd": "^6.3.7",
        "react": "^19.2.5"
      }
    },
    "node_modules/@ant-design/colors": {
      "version": "8.0.1",
      "resolved": "https://registry.npmmirror.com/@ant-design/colors/-/colors-8.0.1.tgz",
      "integrity": "sha512-foPVl0+SWIslGUtD/xBr1p9U4AKzPhNYEseXYRRo5QSzGACYZrQbe11AYJbYfAWnWSpGBx6JjBmSeugUsD9vqQ==",
      "dev": true,
      "license": "MIT",
      "dependencies": {
        "@ant-design/fast-color": "^3.0.0"
      }
    },
    "node_modules/@ant-design/cssinjs": {
      "version": "2.1.2",
      "resolved": "https://registry.npmmirror.com/@ant-design/cssinjs/-/cssinjs-2.1.2.tgz",
      "integrity": "sha512-2Hy8BnCEH31xPeSLbhhB2ctCPXE2ZnASdi+KbSeS79BNbUhL9hAEe20SkUk+BR8aKTmqb6+FKFruk7w8z0VoRQ==",
      "dev": true,
      "license": "MIT",
      "dependencies": {
        "@babel/runtime": "^7.11.1",
        "@emotion/hash": "^0.8.0",
        "@emotion/unitless": "^0.7.5",
        "@rc-component/util": "^1.4.0",
        "clsx": "^2.1.1",
        "csstype": "^3.1.3",
        "stylis": "^4.3.4"
      },
      "peerDependencies": {
        "react": ">=16.0.0",
        "react-dom": ">=16.0.0"
      }
    },
    "node_modules/@ant-design/cssinjs-utils": {
      "version": "2.1.2",
      "resolved": "https://registry.npmmirror.com/@ant-design/cssinjs-utils/-/cssinjs-utils-2.1.2.tgz",
      "integrity": "sha512-5fTHQ158jJJ5dC/ECeyIdZUzKxE/mpEMRZxthyG1sw/AKRHKgJBg00Yi6ACVXgycdje7KahRNvNET/uBccwCnA==",
      "dev": true,
      "license": "MIT",
      "dependencies": {
        "@ant-design/cssinjs": "^2.1.2",
        "@babel/runtime": "^7.23.2",
        "@rc-component/util": "^1.4.0"
      },
      "peerDependencies": {
        "react": ">=18",
        "react-dom": ">=18"
      }
    },
    "node_modules/@ant-design/fast-color": {
      "version": "3.0.1",
      "resolved": "https://registry.npmmirror.com/@ant-design/fast-color/-/fast-color-3.0.1.tgz",
      "integrity": "sha512-esKJegpW4nckh0o6kV3Tkb7NPIZYbPnnFxmQDUmL08ukXZAvV85TZBr70eGuke/CIArLaP6aw8lt9KILjnWuOw==",
      "dev": true,
      "license": "MIT",
      "engines": {
        "node": ">=8.x"
      }
    },
    "node_modules/@ant-design/icons": {
      "version": "6.3.4",
      "resolved": "https://registry.npmmirror.com/@ant-design/icons/-/icons-6.3.4.tgz",
      "integrity": "sha512-kDoUlppczVyCUTFthF6cHmPzMBYqNZQhu9j6EyIX/YIdM9j9CZNZoJUjzVw7/1v1VO8WwVMmPp15r/uwIAS0AQ==",
      "dev": true,
      "license": "MIT",
      "dependencies": {
        "@ant-design/colors": "^8.0.1",
        "@ant-design/icons-svg": "^4.6.0",
        "@rc-component/util": "^1.11.0",
        "clsx": "^2.1.1"
      },
      "engines": {
        "node": ">=8"
      },
      "peerDependencies": {
        "react": ">=16.0.0",
        "react-dom": ">=16.0.0"
      }
    },
    "node_modules/@ant-design/icons-svg": {
      "version": "4.6.0",
      "resolved": "https://registry.npmmirror.com/@ant-design/icons-svg/-/icons-svg-4.6.0.tgz",
      "integrity": "sha512-PRomU725ABMf/lnQp5HiB7my1kjEbFY0D10N4lXYxK6TIB1gKjIVD5MRThpDaezLgw1D774J8eOeeDB0M6wHrQ==",
      "dev": true,
      "license": "MIT"
    },
    "node_modules/@ant-design/react-slick": {
      "version": "2.0.0",
      "resolved": "https://registry.npmmirror.com/@ant-design/react-slick/-/react-slick-2.0.0.tgz",
      "integrity": "sha512-HMS9sRoEmZey8LsE/Yo6+klhlzU12PisjrVcydW3So7RdklyEd2qehyU6a7Yp+OYN72mgsYs3NFCyP2lCPFVqg==",
      "dev": true,
      "license": "MIT",
      "dependencies": {
        "@babel/runtime": "^7.28.4",
        "clsx": "^2.1.1",
        "json2mq": "^0.2.0",
        "throttle-debounce": "^5.0.0"
      },
      "peerDependencies": {
        "react": "^0.14.0 || ^15.0.1 || ^16.0.0 || ^17.0.0 || ^18.0.0 || ^19.0.0",
        "react-dom": "^0.14.0 || ^15.0.1 || ^16.0.0 || ^17.0.0 || ^18.0.0 || ^19.0.0"
      }
    },
    "node_modules/@babel/runtime": {
      "version": "7.29.7",
      "resolved": "https://registry.npmmirror.com/@babel/runtime/-/runtime-7.29.7.tgz",
      "integrity": "sha512-Nq8OhGWiZIZGV6hLHoyAKLLcJihP/xFeBMGJoUrxTX2psI8dCifzLhZISFb+VWS3wFMRDmCGw5R+dOySCqPLhw==",
      "dev": true,
      "license": "MIT",
      "engines": {
        "node": ">=6.9.0"
      }
    },
    "node_modules/@emotion/hash": {
      "version": "0.8.0",
      "resolved": "https://registry.npmmirror.com/@emotion/hash/-/hash-0.8.0.tgz",
      "integrity": "sha512-kBJtf7PH6aWwZ6fka3zQ0p6SBYzx4fl1LoZXE2RrnYST9Xljm7WfKJrU4g/Xr3Beg72MLrp1AWNUmuYJTL7Cow==",
      "dev": true,
      "license": "MIT"
    },
    "node_modules/@emotion/unitless": {
      "version": "0.7.5",
      "resolved": "https://registry.npmmirror.com/@emotion/unitless/-/unitless-0.7.5.tgz",
      "integrity": "sha512-OWORNpfjMsSSUBVrRBVGECkhWcULOAJz9ZW8uK9qgxD+87M7jHRcvh/A96XXNhXTLmKcoYSQtBEX7lHMO7YRwg==",
      "dev": true,
      "license": "MIT"
    },
    "node_modules/@forevka/wordcanvas": {
      "version": "0.12.0",
      "resolved": "https://registry.npmmirror.com/@forevka/wordcanvas/-/wordcanvas-0.12.0.tgz",
      "integrity": "sha512-2R0XXtwVOaIihfqkQ2u2wgILiQGdzpijCA4tec8gV8igFqCQ4+tBt4GqZjjSIeuxWwTAt0TL6+o2Y48UtgTZcw==",
      "license": "MIT"
    },
    "node_modules/@rc-component/async-validator": {
      "version": "6.0.0",
      "resolved": "https://registry.npmmirror.com/@rc-component/async-validator/-/async-validator-6.0.0.tgz",
      "integrity": "sha512-D3AGQwdyE58gmvx6waVSXJ80JGO+IY5L2O8HDnSOex7JNlzB3GuN/4hyHNTdhy2qtOhkpbIjmeAN3tL993wKbA==",
      "dev": true,
      "license": "MIT",
      "dependencies": {
        "@babel/runtime": "^7.24.4"
      },
      "engines": {
        "node": ">=14.x"
      }
    },
    "node_modules/@rc-component/cascader": {
      "version": "1.22.0",
      "resolved": "https://registry.npmmirror.com/@rc-component/cascader/-/cascader-1.22.0.tgz",
      "integrity": "sha512-SffrA57aS9oub3VuI7ajPhJTPtaNxngSvtRhD40Rd8dwJ5vfWPSrVanWgeepdWFGBt7EHftIK5RUU0u3rCTwWw==",
      "dev": true,
      "license": "MIT",
      "dependencies": {
        "@rc-component/select": "~1.10.0",
        "@rc-component/tree": "~1.4.0",
        "@rc-component/util": "^1.11.1",
        "clsx": "^2.1.1"
      },
      "peerDependencies": {
        "react": ">=18.0.0",
        "react-dom": ">=18.0.0"
      }
    },
    "node_modules/@rc-component/checkbox": {
      "version": "2.0.0",
      "resolved": "https://registry.npmmirror.com/@rc-component/checkbox/-/checkbox-2.0.0.tgz",
      "integrity": "sha512-3CXGPpAR9gsPKeO2N78HAPOzU30UdemD6HGJoWVJOpa6WleaGB5kzZj3v6bdTZab31YuWgY/RxV3VKPctn0DwQ==",
      "dev": true,
      "license": "MIT",
      "dependencies": {
        "@rc-component/util": "^1.3.0",
        "clsx": "^2.1.1"
      },
      "peerDependencies": {
        "react": ">=16.9.0",
        "react-dom": ">=16.9.0"
      }
    },
    "node_modules/@rc-component/collapse": {
      "version": "1.2.0",
      "resolved": "https://registry.npmmirror.com/@rc-component/collapse/-/collapse-1.2.0.tgz",
      "integrity": "sha512-ZRYSKSS39qsFx93p26bde7JUZJshsUBEQRlRXPuJYlAiNX0vyYlF5TsAm8JZN3LcF8XvKikdzPbgAtXSbkLUkw==",
      "dev": true,
      "license": "MIT",
      "dependencies": {
        "@babel/runtime": "^7.10.1",
        "@rc-component/motion": "^1.1.4",
        "@rc-component/util": "^1.3.0",
        "clsx": "^2.1.1"
      },
      "peerDependencies": {
        "react": ">=18.0.0",
        "react-dom": ">=18.0.0"
      }
    },
    "node_modules/@rc-component/color-picker": {
      "version": "3.1.1",
      "resolved": "https://registry.npmmirror.com/@rc-component/color-picker/-/color-picker-3.1.1.tgz",
      "integrity": "sha512-OHaCHLHszCegdXmIq2ZRIZBN/EtpT6Wm8SG/gpzLATHbVKc/avvuKi+zlOuk05FTWvgaMmpxAko44uRJ3M+2pg==",
      "dev": true,
      "license": "MIT",
      "dependencies": {
        "@ant-design/fast-color": "^3.0.1",
        "@rc-component/util": "^1.3.0",
        "clsx": "^2.1.1"
      },
      "peerDependencies": {
        "react": ">=16.9.0",
        "react-dom": ">=16.9.0"
      }
    },
    "node_modules/@rc-component/context": {
      "version": "2.0.2",
      "resolved": "https://registry.npmmirror.com/@rc-component/context/-/context-2.0.2.tgz",
      "integrity": "sha512-uiGpAlblCNlziHPwj4S4Iy/oemeuz/hR03mbiEjTCXwsqOIN3BOzsRMyDwpyO5Fm0vIEEJRUf9ZtbRLbhksuTA==",
      "dev": true,
      "license": "MIT",
      "dependencies": {
        "@rc-component/util": "^1.11.0"
      },
      "peerDependencies": {
        "react": ">=18.0.0",
        "react-dom": ">=18.0.0"
      }
    },
    "node_modules/@rc-component/dialog": {
      "version": "1.10.0",
      "resolved": "https://registry.npmmirror.com/@rc-component/dialog/-/dialog-1.10.0.tgz",
      "integrity": "sha512-eDukNlz9vNszAGv7i3zKXdxEd3wgVmNxuJijYt8zvTh17QwTu8KK/bdURRd/lU4qaMzhO1HKKmMrwOnkaw0BvQ==",
      "dev": true,
      "license": "MIT",
      "dependencies": {
        "@rc-component/motion": "^1.3.3",
        "@rc-component/portal": "^2.1.0",
        "@rc-component/util": "^1.9.0",
        "clsx": "^2.1.1"
      },
      "peerDependencies": {
        "react": ">=18.0.0",
        "react-dom": ">=18.0.0"
      }
    },
    "node_modules/@rc-component/drawer": {
      "version": "1.4.2",
      "resolved": "https://registry.npmmirror.com/@rc-component/drawer/-/drawer-1.4.2.tgz",
      "integrity": "sha512-1ib+fZEp6FBu+YvcIktm+nCQ+Q+qIpwpoaJH6opGr4ofh2QMq+qdr5DLC4oCf5qf3pcWX9lUWPYX652k4ini8Q==",
      "dev": true,
      "license": "MIT",
      "dependencies": {
        "@rc-component/motion": "^1.1.4",
        "@rc-component/portal": "^2.1.3",
        "@rc-component/util": "^1.9.0",
        "clsx": "^2.1.1"
      },
      "peerDependencies": {
        "react": ">=18.0.0",
        "react-dom": ">=18.0.0"
      }
    },
    "node_modules/@rc-component/dropdown": {
      "version": "1.0.3",
      "resolved": "https://registry.npmmirror.com/@rc-component/dropdown/-/dropdown-1.0.3.tgz",
      "integrity": "sha512-YTST/N6kpqpDz3IMuM/PSSZnrDpSOA6dgHv12gPA90ZTSLv2CoqkZ0+9NtwTY6BeO7dstPblSic2QJg7dSFy/g==",
      "dev": true,
      "license": "MIT",
      "dependencies": {
        "@rc-component/trigger": "^3.0.0",
        "@rc-component/util": "^1.11.1",
        "clsx": "^2.1.1"
      },
      "peerDependencies": {
        "react": ">=16.11.0",
        "react-dom": ">=16.11.0"
      }
    },
    "node_modules/@rc-component/form": {
      "version": "1.8.6",
      "resolved": "https://registry.npmmirror.com/@rc-component/form/-/form-1.8.6.tgz",
      "integrity": "sha512-1EXVsSKPZC6kGrIqxVck7kAWM6T65b6et/n5wIcyiaIa41VrDshD0nVLHoBDEIZr2ATQsOP6icb4XQkNFMLBAw==",
      "dev": true,
      "license": "MIT",
      "dependencies": {
        "@rc-component/async-validator": "^6.0.0",
        "@rc-component/util": "^1.11.1",
        "clsx": "^2.1.1"
      },
      "engines": {
        "node": ">=8.x"
      },
      "peerDependencies": {
        "react": ">=16.9.0",
        "react-dom": ">=16.9.0"
      }
    },
    "node_modules/@rc-component/image": {
      "version": "1.10.0",
      "resolved": "https://registry.npmmirror.com/@rc-component/image/-/image-1.10.0.tgz",
      "integrity": "sha512-BjeZCRQ+hw+4WAhvrw8rJvy5fckA2xpf/X2XQEOABUHvLTNB9inB98X3Mp54jYQ7g10DfWERQWHXeC4ylxp1Uw==",
      "dev": true,
      "license": "MIT",
      "dependencies": {
        "@rc-component/motion": "^1.0.0",
        "@rc-component/portal": "^2.1.2",
        "@rc-component/util": "^1.11.1",
        "clsx": "^2.1.1"
      },
      "peerDependencies": {
        "react": ">=16.9.0",
        "react-dom": ">=16.9.0"
      }
    },
    "node_modules/@rc-component/input": {
      "version": "1.3.1",
      "resolved": "https://registry.npmmirror.com/@rc-component/input/-/input-1.3.1.tgz",
      "integrity": "sha512-iFvTUT9W+JC/MSin2aGAk8NqsVlTzcExNC9DZariON1IWirju9NoNeEk47an4Q8iHazkoVI/y1LnDi88+CPcig==",
      "dev": true,
      "license": "MIT",
      "dependencies": {
        "@rc-component/resize-observer": "^1.1.1",
        "@rc-component/util": "^1.11.1",
        "clsx": "^2.1.1"
      },
      "peerDependencies": {
        "react": ">=16.0.0",
        "react-dom": ">=16.0.0"
      }
    },
    "node_modules/@rc-component/input-number": {
      "version": "1.6.2",
      "resolved": "https://registry.npmmirror.com/@rc-component/input-number/-/input-number-1.6.2.tgz",
      "integrity": "sha512-Gjcq7meZlCOiWN1t1xCC+7/s85humHVokTBI7PJgTfoyw5OWF74y3e6P8PHX104g9+b54jsodFIzyaj6p8LI9w==",
      "dev": true,
      "license": "MIT",
      "dependencies": {
        "@rc-component/mini-decimal": "^1.0.1",
        "@rc-component/util": "^1.4.0",
        "clsx": "^2.1.1"
      },
      "peerDependencies": {
        "react": ">=16.9.0",
        "react-dom": ">=16.9.0"
      }
    },
    "node_modules/@rc-component/listy": {
      "version": "1.2.3",
      "resolved": "https://registry.npmmirror.com/@rc-component/listy/-/listy-1.2.3.tgz",
      "integrity": "sha512-IXiMjV5s0rczLBlfh7G5nB4M3365mrEeedjwKtf5I+Ns3PqRUsebR2h5u8CeFarsVfLUPC2I5p0h09TNoOWyvQ==",
      "dev": true,
      "license": "MIT",
      "dependencies": {
        "@rc-component/motion": "^1.1.4",
        "@rc-component/portal": "^2.0.0",
        "@rc-component/resize-observer": "^1.0.0",
        "@rc-component/util": "^1.3.1",
        "@rc-component/virtual-list": "^1.4.0",
        "clsx": "^2.1.1"
      },
      "peerDependencies": {
        "react": ">=18.0.0",
        "react-dom": ">=18.0.0"
      }
    },
    "node_modules/@rc-component/mentions": {
      "version": "1.12.0",
      "resolved": "https://registry.npmmirror.com/@rc-component/mentions/-/mentions-1.12.0.tgz",
      "integrity": "sha512-v5MBx8zDcqCT+uybJgKpcx3Fgrvj0m3u+A/15RlSBaMx12lLoJZTTYggC3pbYYfohcKujWWUyBz6O6Gp2vGiNA==",
      "dev": true,
      "license": "MIT",
      "dependencies": {
        "@rc-component/input": "~1.3.1",
        "@rc-component/menu": "~1.5.0",
        "@rc-component/trigger": "^3.0.0",
        "@rc-component/util": "^1.11.1",
        "clsx": "^2.1.1"
      },
      "peerDependencies": {
        "react": ">=16.9.0",
        "react-dom": ">=16.9.0"
      }
    },
    "node_modules/@rc-component/menu": {
      "version": "1.5.0",
      "resolved": "https://registry.npmmirror.com/@rc-component/menu/-/menu-1.5.0.tgz",
      "integrity": "sha512-RjvzPsZkwVEg3xu+/jDDqDeUCBJAnWylONFlGeQgg5enlNAnlpybqhaMGE/UPEIvr6hL90PGhjFBguJqj0Qb2Q==",
      "dev": true,
      "license": "MIT",
      "dependencies": {
        "@rc-component/motion": "^1.1.4",
        "@rc-component/overflow": "^1.0.0",
        "@rc-component/trigger": "^3.0.0",
        "@rc-component/util": "^1.11.1",
        "clsx": "^2.1.1"
      },
      "peerDependencies": {
        "react": ">=18.0.0",
        "react-dom": ">=18.0.0"
      }
    },
    "node_modules/@rc-component/mini-decimal": {
      "version": "1.1.4",
      "resolved": "https://registry.npmmirror.com/@rc-component/mini-decimal/-/mini-decimal-1.1.4.tgz",
      "integrity": "sha512-xiuXcaCwyOWpD8a8scdExFl+bntNphAW8XeenL1ig2en0AAZY0Pcp4pC0dI22qJ+NvxKn9RoNIoRdqYU3BLH4w==",
      "dev": true,
      "license": "MIT",
      "dependencies": {
        "@babel/runtime": "^7.18.0"
      },
      "engines": {
        "node": ">=8.x"
      }
    },
    "node_modules/@rc-component/motion": {
      "version": "1.3.3",
      "resolved": "https://registry.npmmirror.com/@rc-component/motion/-/motion-1.3.3.tgz",
      "integrity": "sha512-Xh3IszxvlSv3/PLYFyC2UZi9LNB83yOnkB/LNmRzaypZLvkhqUIPS7MQpGZcCMWrNsXV2p6YTSWbSGvFpEle9A==",
      "dev": true,
      "license": "MIT",
      "dependencies": {
        "@rc-component/util": "^1.11.0",
        "clsx": "^2.1.1"
      },
      "peerDependencies": {
        "react": ">=16.9.0",
        "react-dom": ">=16.9.0"
      }
    },
    "node_modules/@rc-component/mutate-observer": {
      "version": "2.0.1",
      "resolved": "https://registry.npmmirror.com/@rc-component/mutate-observer/-/mutate-observer-2.0.1.tgz",
      "integrity": "sha512-AyarjoLU5YlxuValRi+w8JRH2Z84TBbFO2RoGWz9d8bSu0FqT8DtugH3xC3BV7mUwlmROFauyWuXFuq4IFbH+w==",
      "dev": true,
      "license": "MIT",
      "dependencies": {
        "@rc-component/util": "^1.2.0"
      },
      "engines": {
        "node": ">=8.x"
      },
      "peerDependencies": {
        "react": ">=16.9.0",
        "react-dom": ">=16.9.0"
      }
    },
    "node_modules/@rc-component/notification": {
      "version": "2.0.8",
      "resolved": "https://registry.npmmirror.com/@rc-component/notification/-/notification-2.0.8.tgz",
      "integrity": "sha512-MTRA3b8eHE14gh5R9nlXzbWZEDEBFVkEHj/FI1VOXw2zrSnSxqbuuU3drsq+k53e6MHwtegoFay1tnNYhtl61Q==",
      "dev": true,
      "license": "MIT",
      "dependencies": {
        "@rc-component/motion": "^1.1.4",
        "@rc-component/util": "^1.11.0",
        "clsx": "^2.1.1"
      },
      "engines": {
        "node": ">=8.x"
      },
      "peerDependencies": {
        "react": ">=18.0.0",
        "react-dom": ">=18.0.0"
      }
    },
    "node_modules/@rc-component/overflow": {
      "version": "1.0.1",
      "resolved": "https://registry.npmmirror.com/@rc-component/overflow/-/overflow-1.0.1.tgz",
      "integrity": "sha512-syfmgAABaHCnCDzPwHZ/2tuvIcpOO3jefYZMmfkN+pmo8HKTzsfhS57vxo4ksPdN0By+uWVJhJWNFozNBxi2eA==",
      "dev": true,
      "license": "MIT",
      "dependencies": {
        "@babel/runtime": "^7.11.1",
        "@rc-component/resize-observer": "^1.0.1",
        "@rc-component/util": "^1.4.0",
        "clsx": "^2.1.1"
      },
      "peerDependencies": {
        "react": ">=16.9.0",
        "react-dom": ">=16.9.0"
      }
    },
    "node_modules/@rc-component/pagination": {
      "version": "1.4.0",
      "resolved": "https://registry.npmmirror.com/@rc-component/pagination/-/pagination-1.4.0.tgz",
      "integrity": "sha512-CW1g7P9V8u+e8JQdUsl2RWg+GCsoee0mtJjZUCCxn/vb3jzOwDKm6hAdwddHCVBfWJ58eGUBZz3IvnU8rRktjw==",
      "dev": true,
      "license": "MIT",
      "dependencies": {
        "@rc-component/util": "^1.11.1",
        "clsx": "^2.1.1"
      },
      "peerDependencies": {
        "react": ">=16.9.0",
        "react-dom": ">=16.9.0"
      }
    },
    "node_modules/@rc-component/picker": {
      "version": "1.12.2",
      "resolved": "https://registry.npmmirror.com/@rc-component/picker/-/picker-1.12.2.tgz",
      "integrity": "sha512-ZB1A+tzTQkgtR4flPrAMvxIAOelIIOOOsp22fU2Nad6PbZcJacnyGJUJqUH7ZS9mwxeUwurf1pLMKXrVsK1tlA==",
      "dev": true,
      "license": "MIT",
      "dependencies": {
        "@rc-component/overflow": "^1.0.0",
        "@rc-component/resize-observer": "^1.0.0",
        "@rc-component/trigger": "^3.6.15",
        "@rc-component/util": "^1.13.0",
        "clsx": "^2.1.1"
      },
      "engines": {
        "node": ">=12.x"
      },
      "peerDependencies": {
        "date-fns": ">= 2.x",
        "dayjs": ">= 1.x",
        "luxon": ">= 3.x",
        "moment": ">= 2.x",
        "react": ">=16.9.0",
        "react-dom": ">=16.9.0"
      },
      "peerDependenciesMeta": {
        "date-fns": {
          "optional": true
        },
        "dayjs": {
          "optional": true
        },
        "luxon": {
          "optional": true
        },
        "moment": {
          "optional": true
        }
      }
    },
    "node_modules/@rc-component/portal": {
      "version": "2.2.1",
      "resolved": "https://registry.npmmirror.com/@rc-component/portal/-/portal-2.2.1.tgz",
      "integrity": "sha512-ck+r1kW/JSv0wxPji3KN2ss9K6Z0qqwusw/mf/0JobXhZ8hC2ejZwCJObW/SvDi0uhA0VzmCnx0CaCci95tcmA==",
      "dev": true,
      "license": "MIT",
      "dependencies": {
        "@rc-component/util": "^1.11.0",
        "clsx": "^2.1.1"
      },
      "engines": {
        "node": ">=12.x"
      },
      "peerDependencies": {
        "react": ">=18.0.0",
        "react-dom": ">=18.0.0"
      }
    },
    "node_modules/@rc-component/progress": {
      "version": "1.0.3",
      "resolved": "https://registry.npmmirror.com/@rc-component/progress/-/progress-1.0.3.tgz",
      "integrity": "sha512-Q1nPLIvKr95el/q76yaBh5nv1hqCsWaHQb8U7vXEDMefEhHgM7n3CPoN+o4LHnTyANQHmMFgoS/naAT4Bhxuaw==",
      "dev": true,
      "license": "MIT",
      "dependencies": {
        "@rc-component/util": "^1.11.1",
        "clsx": "^2.1.1"
      },
      "peerDependencies": {
        "react": ">=16.9.0",
        "react-dom": ">=16.9.0"
      }
    },
    "node_modules/@rc-component/qrcode": {
      "version": "2.0.0",
      "resolved": "https://registry.npmmirror.com/@rc-component/qrcode/-/qrcode-2.0.0.tgz",
      "integrity": "sha512-aAv3QhPP1xyafuTZOxub6a54pCeBnN3IwQkpETrBtthq4BL5IgxnCbuoBWPDpdLw1y1j6BgBUCAKV92+yX06Dw==",
      "dev": true,
      "license": "MIT",
      "dependencies": {
        "@babel/runtime": "^7.24.7"
      },
      "engines": {
        "node": ">=8.x"
      },
      "peerDependencies": {
        "react": ">=16.9.0",
        "react-dom": ">=16.9.0"
      }
    },
    "node_modules/@rc-component/rate": {
      "version": "1.0.1",
      "resolved": "https://registry.npmmirror.com/@rc-component/rate/-/rate-1.0.1.tgz",
      "integrity": "sha512-bkXxeBqDpl5IOC7yL7GcSYjQx9G8H+6kLYQnNZWeBYq2OYIv1MONd6mqKTjnnJYpV0cQIU2z3atdW0j1kttpTw==",
      "dev": true,
      "license": "MIT",
      "dependencies": {
        "@rc-component/util": "^1.3.0",
        "clsx": "^2.1.1"
      },
      "engines": {
        "node": ">=8.x"
      },
      "peerDependencies": {
        "react": ">=16.9.0",
        "react-dom": ">=16.9.0"
      }
    },
    "node_modules/@rc-component/resize-observer": {
      "version": "1.1.2",
      "resolved": "https://registry.npmmirror.com/@rc-component/resize-observer/-/resize-observer-1.1.2.tgz",
      "integrity": "sha512-t/Bb0W8uvL4PYKAB3YcChC+DlHh0Wt5kM7q/J+0qpVEUMLe7Hk5zuvc9km0hMnTFPSx5Z7Wu/fzCLN6erVLE8Q==",
      "dev": true,
      "license": "MIT",
      "dependencies": {
        "@rc-component/util": "^1.2.0"
      },
      "peerDependencies": {
        "react": ">=16.9.0",
        "react-dom": ">=16.9.0"
      }
    },
    "node_modules/@rc-component/segmented": {
      "version": "1.4.0",
      "resolved": "https://registry.npmmirror.com/@rc-component/segmented/-/segmented-1.4.0.tgz",
      "integrity": "sha512-NZlpKGSplOYlmF5ukUF1fCLr0ns5WfjNoqMlMkf4AHP0iu90wyiP7hn2qZKRHEuRlG4CvEEz/lF9qRiYnLTofQ==",
      "dev": true,
      "license": "MIT",
      "dependencies": {
        "@babel/runtime": "^8.0.0",
        "@rc-component/motion": "^1.1.4",
        "@rc-component/util": "^1.11.1",
        "clsx": "^2.1.1"
      },
      "peerDependencies": {
        "react": ">=16.0.0",
        "react-dom": ">=16.0.0"
      }
    },
    "node_modules/@rc-component/segmented/node_modules/@babel/runtime": {
      "version": "8.0.5",
      "resolved": "https://registry.npmmirror.com/@babel/runtime/-/runtime-8.0.5.tgz",
      "integrity": "sha512-7NK+Lz3spQ52XsUGTxIEVU4jYN2/dIaX8sTxRFAUtYmttYZnVh3aehiihv+/Gb7+duMNHl2OrFcBQRyOHScxpg==",
      "dev": true,
      "license": "MIT"
    },
    "node_modules/@rc-component/select": {
      "version": "1.10.1",
      "resolved": "https://registry.npmmirror.com/@rc-component/select/-/select-1.10.1.tgz",
      "integrity": "sha512-H+yQsl+qED9NilQ3g6zdpsMwUgwVjrcMTkNHAWRVU/MoNCYgTbDgU+MIMgZDK+rVdd2JUfI/MkysMcZZ0cyQKw==",
      "dev": true,
      "license": "MIT",
      "dependencies": {
        "@rc-component/overflow": "^1.0.0",
        "@rc-component/trigger": "^3.0.0",
        "@rc-component/util": "^1.11.1",
        "@rc-component/virtual-list": "^1.2.0",
        "clsx": "^2.1.1"
      },
      "engines": {
        "node": ">=8.x"
      },
      "peerDependencies": {
        "react": "*",
        "react-dom": "*"
      }
    },
    "node_modules/@rc-component/slider": {
      "version": "1.1.1",
      "resolved": "https://registry.npmmirror.com/@rc-component/slider/-/slider-1.1.1.tgz",
      "integrity": "sha512-LSzgWGYDgeCDgR4r1XlU29gbYws6HpLnvJd/uMhLeW/vQgxldeR+Wb4uzHDCHiYEbr1bnEHWdjkPxjJRHxuiig==",
      "dev": true,
      "license": "MIT",
      "dependencies": {
        "@rc-component/util": "^1.3.0",
        "clsx": "^2.1.1"
      },
      "engines": {
        "node": ">=8.x"
      },
      "peerDependencies": {
        "react": ">=16.9.0",
        "react-dom": ">=16.9.0"
      }
    },
    "node_modules/@rc-component/steps": {
      "version": "1.2.3",
      "resolved": "https://registry.npmmirror.com/@rc-component/steps/-/steps-1.2.3.tgz",
      "integrity": "sha512-/b9gHcvDGjTDWJZW7+1kKFvzs0jrEeQ8mFvvIgX+h7xNT0FsOYODJYKjyJR4fPbvMBCfCOEqaBK66HBxov5BQA==",
      "dev": true,
      "license": "MIT",
      "dependencies": {
        "@rc-component/util": "^1.11.1",
        "clsx": "^2.1.1"
      },
      "engines": {
        "node": ">=8.x"
      },
      "peerDependencies": {
        "react": ">=16.9.0",
        "react-dom": ">=16.9.0"
      }
    },
    "node_modules/@rc-component/switch": {
      "version": "1.0.3",
      "resolved": "https://registry.npmmirror.com/@rc-component/switch/-/switch-1.0.3.tgz",
      "integrity": "sha512-Jgi+EbOBquje/XNdofr7xbJQZPYJP+BlPfR0h+WN4zFkdtB2EWqEfvkXJWeipflwjWip0/17rNbxEAqs8hVHfw==",
      "dev": true,
      "license": "MIT",
      "dependencies": {
        "@rc-component/util": "^1.3.0",
        "clsx": "^2.1.1"
      },
      "peerDependencies": {
        "react": ">=16.9.0",
        "react-dom": ">=16.9.0"
      }
    },
    "node_modules/@rc-component/table": {
      "version": "1.11.1",
      "resolved": "https://registry.npmmirror.com/@rc-component/table/-/table-1.11.1.tgz",
      "integrity": "sha512-OWdS6DMmeWb7bJBGqPxYZpQbzBlBiXZUu2sqo6Ii7Sjs9GeK1IsrXrWk26SL2c6KEseabswdxrRj7WUm9LdECw==",
      "dev": true,
      "license": "MIT",
      "dependencies": {
        "@rc-component/context": "^2.0.1",
        "@rc-component/resize-observer": "^1.0.0",
        "@rc-component/util": "^1.11.1",
        "@rc-component/virtual-list": "^1.0.1",
        "clsx": "^2.1.1"
      },
      "engines": {
        "node": ">=8.x"
      },
      "peerDependencies": {
        "react": ">=18.0.0",
        "react-dom": ">=18.0.0"
      }
    },
    "node_modules/@rc-component/tabs": {
      "version": "1.13.0",
      "resolved": "https://registry.npmmirror.com/@rc-component/tabs/-/tabs-1.13.0.tgz",
      "integrity": "sha512-3FXr+9ZII8tFLWuDWrgjRaxZd2mazkKJAGRFEfVmp4r1qnBglOlxQ78l54Td1aj6/iFaaEReKSAF2HToztU5uw==",
      "dev": true,
      "license": "MIT",
      "dependencies": {
        "@rc-component/dropdown": "~1.0.0",
        "@rc-component/menu": "~1.5.0",
        "@rc-component/motion": "^1.1.3",
        "@rc-component/resize-observer": "^1.0.0",
        "@rc-component/util": "^1.11.1",
        "clsx": "^2.1.1"
      },
      "engines": {
        "node": ">=8.x"
      },
      "peerDependencies": {
        "react": ">=16.9.0",
        "react-dom": ">=16.9.0"
      }
    },
    "node_modules/@rc-component/tooltip": {
      "version": "1.5.2",
      "resolved": "https://registry.npmmirror.com/@rc-component/tooltip/-/tooltip-1.5.2.tgz",
      "integrity": "sha512-VLq4BclU3LgRe46g2hTr2bdsM8tFYs7dVwpuD88rPNNg4lCGe8mBSS4FiRzYzS+ffnZ46y4SI8KYKo9K7qBnhw==",
      "dev": true,
      "license": "MIT",
      "dependencies": {
        "@rc-component/trigger": "^3.10.0",
        "@rc-component/util": "^1.11.1",
        "clsx": "^2.1.1"
      },
      "peerDependencies": {
        "react": ">=18.0.0",
        "react-dom": ">=18.0.0"
      }
    },
    "node_modules/@rc-component/tour": {
      "version": "2.4.0",
      "resolved": "https://registry.npmmirror.com/@rc-component/tour/-/tour-2.4.0.tgz",
      "integrity": "sha512-aui4r4TqmTzwaBgcQxHYep8kM8PTjZFufjokObpy35KfFeZ0k9ArquWFZqegQlH24P14t+F0qO0mGTgzlav1yg==",
      "dev": true,
      "license": "MIT",
      "dependencies": {
        "@rc-component/portal": "^2.2.0",
        "@rc-component/trigger": "^3.0.0",
        "@rc-component/util": "^1.7.0",
        "clsx": "^2.1.1"
      },
      "engines": {
        "node": ">=8.x"
      },
      "peerDependencies": {
        "react": ">=16.9.0",
        "react-dom": ">=16.9.0"
      }
    },
    "node_modules/@rc-component/tree": {
      "version": "1.4.0",
      "resolved": "https://registry.npmmirror.com/@rc-component/tree/-/tree-1.4.0.tgz",
      "integrity": "sha512-dGsJGDJQedA0BqqVgj3F8BvHXTSZijyhTXdbAdkcx8lynzZkty/CV3Z3LOm/fxz+BCfl3dfGiAQpb7Q5XNvl0Q==",
      "dev": true,
      "license": "MIT",
      "dependencies": {
        "@rc-component/motion": "^1.0.0",
        "@rc-component/util": "^1.11.1",
        "@rc-component/virtual-list": "^1.2.0",
        "clsx": "^2.1.1"
      },
      "engines": {
        "node": ">=10.x"
      },
      "peerDependencies": {
        "react": "*",
        "react-dom": "*"
      }
    },
    "node_modules/@rc-component/tree-select": {
      "version": "1.16.1",
      "resolved": "https://registry.npmmirror.com/@rc-component/tree-select/-/tree-select-1.16.1.tgz",
      "integrity": "sha512-a1Oi6EJhqAhdOxxupdJi6fP0RPHMKn5TcfkX2+llaQ4lF4nwfH7b6SCHcnsybaa2s+pk1yZYwVyeOYkDnEBRdg==",
      "dev": true,
      "license": "MIT",
      "dependencies": {
        "@rc-component/select": "~1.10.0",
        "@rc-component/tree": "~1.4.0",
        "@rc-component/util": "^1.11.1",
        "clsx": "^2.1.1"
      },
      "peerDependencies": {
        "react": "*",
        "react-dom": "*"
      }
    },
    "node_modules/@rc-component/trigger": {
      "version": "3.10.1",
      "resolved": "https://registry.npmmirror.com/@rc-component/trigger/-/trigger-3.10.1.tgz",
      "integrity": "sha512-mXlDN0IXdtV8Yqqm8195ECCyrbmfvvfKvwVvSlH0+qvKD6BUF8gRhEjSy0FOcD1+CcDRHgTiX99LoxfQrmh3Cw==",
      "dev": true,
      "license": "MIT",
      "dependencies": {
        "@rc-component/motion": "^1.3.3",
        "@rc-component/portal": "^2.2.1",
        "@rc-component/resize-observer": "^1.1.2",
        "@rc-component/util": "^1.11.1",
        "clsx": "^2.1.1"
      },
      "engines": {
        "node": ">=8.x"
      },
      "peerDependencies": {
        "react": ">=18.0.0",
        "react-dom": ">=18.0.0"
      }
    },
    "node_modules/@rc-component/upload": {
      "version": "1.1.1",
      "resolved": "https://registry.npmmirror.com/@rc-component/upload/-/upload-1.1.1.tgz",
      "integrity": "sha512-GvYWSKeaJTOxxC5p6+nOSadzfvXA1h8C/iHFPFZX+szH3JUXrvs+DLiW8YUTBgvMh8m63mJeHrlYlJzAlg+pDA==",
      "dev": true,
      "license": "MIT",
      "dependencies": {
        "@rc-component/util": "^1.11.1",
        "clsx": "^2.1.1"
      },
      "peerDependencies": {
        "react": ">=16.9.0",
        "react-dom": ">=16.9.0"
      }
    },
    "node_modules/@rc-component/util": {
      "version": "1.13.0",
      "resolved": "https://registry.npmmirror.com/@rc-component/util/-/util-1.13.0.tgz",
      "integrity": "sha512-IXf2zBfZrbQGT+G8LxnoICDBGnMHIPIiq5HCRn3EDfKUx28x1rnbZBj46ULJf4sM8ImTG1SepqfNBdxZziqQ4w==",
      "dev": true,
      "license": "MIT",
      "dependencies": {
        "is-mobile": "^5.0.0",
        "react-is": "^19.2.7"
      },
      "peerDependencies": {
        "react": ">=18.0.0",
        "react-dom": ">=18.0.0"
      }
    },
    "node_modules/@rc-component/virtual-list": {
      "version": "1.5.2",
      "resolved": "https://registry.npmmirror.com/@rc-component/virtual-list/-/virtual-list-1.5.2.tgz",
      "integrity": "sha512-igfe7NP9cOmDAhLy5z+Juz8fhjOMzMbF7TRoR/yqXIsbU6XZm4TU7ogcm5O553P0rLF6n0j5F6J+n15Izb1tqg==",
      "dev": true,
      "license": "MIT",
      "dependencies": {
        "@babel/runtime": "^8.0.0",
        "@rc-component/resize-observer": "^1.0.1",
        "@rc-component/util": "^1.4.0",
        "clsx": "^2.1.1"
      },
      "engines": {
        "node": ">=8.x"
      },
      "peerDependencies": {
        "react": ">=18.0.0",
        "react-dom": ">=18.0.0"
      }
    },
    "node_modules/@rc-component/virtual-list/node_modules/@babel/runtime": {
      "version": "8.0.5",
      "resolved": "https://registry.npmmirror.com/@babel/runtime/-/runtime-8.0.5.tgz",
      "integrity": "sha512-7NK+Lz3spQ52XsUGTxIEVU4jYN2/dIaX8sTxRFAUtYmttYZnVh3aehiihv+/Gb7+duMNHl2OrFcBQRyOHScxpg==",
      "dev": true,
      "license": "MIT"
    },
    "node_modules/antd": {
      "version": "6.6.4",
      "resolved": "https://registry.npmmirror.com/antd/-/antd-6.6.4.tgz",
      "integrity": "sha512-nKFi2oY+KrsfAkU8/KwgS0MPKpryIPTVIgoLQRGiT/BcCMakBf5+G8MPy90RdHjEwb0/bulNJV1dxLhHm9cg7w==",
      "dev": true,
      "license": "MIT",
      "dependencies": {
        "@ant-design/colors": "^8.0.1",
        "@ant-design/cssinjs": "^2.1.2",
        "@ant-design/cssinjs-utils": "^2.1.2",
        "@ant-design/fast-color": "^3.0.1",
        "@ant-design/icons": "^6.3.4",
        "@ant-design/react-slick": "~2.0.0",
        "@babel/runtime": "^7.29.2",
        "@rc-component/cascader": "~1.22.0",
        "@rc-component/checkbox": "~2.0.0",
        "@rc-component/collapse": "~1.2.0",
        "@rc-component/color-picker": "~3.1.1",
        "@rc-component/dialog": "~1.10.0",
        "@rc-component/drawer": "~1.4.2",
        "@rc-component/dropdown": "~1.0.3",
        "@rc-component/form": "~1.8.6",
        "@rc-component/image": "~1.10.0",
        "@rc-component/input": "~1.3.1",
        "@rc-component/input-number": "~1.6.2",
        "@rc-component/listy": "~1.2.3",
        "@rc-component/mentions": "~1.12.0",
        "@rc-component/menu": "~1.5.0",
        "@rc-component/motion": "^1.3.3",
        "@rc-component/mutate-observer": "^2.0.1",
        "@rc-component/notification": "~2.0.8",
        "@rc-component/pagination": "~1.4.0",
        "@rc-component/picker": "~1.12.2",
        "@rc-component/progress": "~1.0.3",
        "@rc-component/qrcode": "~2.0.0",
        "@rc-component/rate": "~1.0.1",
        "@rc-component/resize-observer": "^1.1.2",
        "@rc-component/segmented": "~1.4.0",
        "@rc-component/select": "~1.10.1",
        "@rc-component/slider": "~1.1.1",
        "@rc-component/steps": "~1.2.3",
        "@rc-component/switch": "~1.0.3",
        "@rc-component/table": "~1.11.1",
        "@rc-component/tabs": "~1.13.0",
        "@rc-component/tooltip": "~1.5.2",
        "@rc-component/tour": "~2.4.0",
        "@rc-component/tree": "~1.4.0",
        "@rc-component/tree-select": "~1.16.1",
        "@rc-component/trigger": "^3.10.1",
        "@rc-component/upload": "~1.1.1",
        "@rc-component/util": "^1.13.0",
        "clsx": "^2.1.1",
        "dayjs": "^1.11.11",
        "scroll-into-view-if-needed": "^3.1.0",
        "throttle-debounce": "^5.0.2"
      },
      "funding": {
        "type": "opencollective",
        "url": "https://opencollective.com/ant-design"
      },
      "peerDependencies": {
        "react": ">=18.0.0",
        "react-dom": ">=18.0.0"
      }
    },
    "node_modules/clsx": {
      "version": "2.1.1",
      "resolved": "https://registry.npmmirror.com/clsx/-/clsx-2.1.1.tgz",
      "integrity": "sha512-eYm0QWBtUrBWZWG0d386OGAw16Z995PiOVo2B7bjWSbHedGl5e0ZWaq65kOGgUSNesEIDkB9ISbTg/JK9dhCZA==",
      "dev": true,
      "license": "MIT",
      "engines": {
        "node": ">=6"
      }
    },
    "node_modules/compute-scroll-into-view": {
      "version": "3.1.1",
      "resolved": "https://registry.npmmirror.com/compute-scroll-into-view/-/compute-scroll-into-view-3.1.1.tgz",
      "integrity": "sha512-VRhuHOLoKYOy4UbilLbUzbYg93XLjv2PncJC50EuTWPA3gaja1UjBsUP/D/9/juV3vQFr6XBEzn9KCAHdUvOHw==",
      "dev": true,
      "license": "MIT"
    },
    "node_modules/csstype": {
      "version": "3.2.3",
      "resolved": "https://registry.npmmirror.com/csstype/-/csstype-3.2.3.tgz",
      "integrity": "sha512-z1HGKcYy2xA8AGQfwrn0PAy+PB7X/GSj3UVJW9qKyn43xWa+gl5nXmU4qqLMRzWVLFC8KusUX8T/0kCiOYpAIQ==",
      "dev": true,
      "license": "MIT"
    },
    "node_modules/dayjs": {
      "version": "1.11.23",
      "resolved": "https://registry.npmmirror.com/dayjs/-/dayjs-1.11.23.tgz",
      "integrity": "sha512-QDTCU0M0MxR3hQfnlDJfwekQiaanm1ubOD231u73WBckQ/fsamwRLiE2GBz6D3a/xF1NgfiDLJjXBa1hYOYTtQ==",
      "dev": true,
      "license": "MIT"
    },
    "node_modules/is-mobile": {
      "version": "5.0.0",
      "resolved": "https://registry.npmmirror.com/is-mobile/-/is-mobile-5.0.0.tgz",
      "integrity": "sha512-Tz/yndySvLAEXh+Uk8liFCxOwVH6YutuR74utvOcu7I9Di+DwM0mtdPVZNaVvvBUM2OXxne/NhOs1zAO7riusQ==",
      "dev": true,
      "license": "MIT"
    },
    "node_modules/json2mq": {
      "version": "0.2.0",
      "resolved": "https://registry.npmmirror.com/json2mq/-/json2mq-0.2.0.tgz",
      "integrity": "sha512-SzoRg7ux5DWTII9J2qkrZrqV1gt+rTaoufMxEzXbS26Uid0NwaJd123HcoB80TgubEppxxIGdNxCx50fEoEWQA==",
      "dev": true,
      "license": "MIT",
      "dependencies": {
        "string-convert": "^0.2.0"
      }
    },
    "node_modules/react": {
      "version": "19.3.0",
      "resolved": "https://registry.npmmirror.com/react/-/react-19.3.0.tgz",
      "integrity": "sha512-E8LUcbtBWt20bbl2YoHfx4ZDBdxVTfOKtCZn9cDSJ4l6/nuoApcpIBcj47t2wZoVX8g2ZHuMHbiShgCR1T5Sog==",
      "dev": true,
      "license": "MIT",
      "engines": {
        "node": ">=0.10.0"
      }
    },
    "node_modules/react-is": {
      "version": "19.3.0",
      "resolved": "https://registry.npmmirror.com/react-is/-/react-is-19.3.0.tgz",
      "integrity": "sha512-UpMYezM4v5/18F28aC66AEsjXIgE02kyEMH6yLdgLXu/UTfa1Ntwck/nNLrbqJsEXW7gPb0coNO9FQse9WTovA==",
      "dev": true,
      "license": "MIT"
    },
    "node_modules/scroll-into-view-if-needed": {
      "version": "3.1.0",
      "resolved": "https://registry.npmmirror.com/scroll-into-view-if-needed/-/scroll-into-view-if-needed-3.1.0.tgz",
      "integrity": "sha512-49oNpRjWRvnU8NyGVmUaYG4jtTkNonFZI86MmGRDqBphEK2EXT9gdEUoQPZhuBM8yWHxCWbobltqYO5M4XrUvQ==",
      "dev": true,
      "license": "MIT",
      "dependencies": {
        "compute-scroll-into-view": "^3.0.2"
      }
    },
    "node_modules/string-convert": {
      "version": "0.2.1",
      "resolved": "https://registry.npmmirror.com/string-convert/-/string-convert-0.2.1.tgz",
      "integrity": "sha512-u/1tdPl4yQnPBjnVrmdLo9gtuLvELKsAoRapekWggdiQNvvvum+jYF329d84NAa660KQw7pB2n36KrIKVoXa3A==",
      "dev": true,
      "license": "MIT"
    },
    "node_modules/stylis": {
      "version": "4.4.0",
      "resolved": "https://registry.npmmirror.com/stylis/-/stylis-4.4.0.tgz",
      "integrity": "sha512-5Z9ZpRzfuH6l/UAvCPAPUo3665Nk2wLaZU3x+TLHKVzIz33+sbJqbtrYoC3KD4/uVOr2Zp+L0LySezP9OHV9yA==",
      "dev": true,
      "license": "MIT"
    },
    "node_modules/throttle-debounce": {
      "version": "5.0.2",
      "resolved": "https://registry.npmmirror.com/throttle-debounce/-/throttle-debounce-5.0.2.tgz",
      "integrity": "sha512-B71/4oyj61iNH0KeCamLuE2rmKuTO5byTOSVwECM5FA7TiAiAW+UqTKZ9ERueC4qvgSttUhdmq1mXC3kJqGX7A==",
      "dev": true,
      "license": "MIT",
      "engines": {
        "node": ">=12.22"
      }
    },
    "node_modules/zustand": {
      "version": "5.0.15",
      "resolved": "https://registry.npmmirror.com/zustand/-/zustand-5.0.15.tgz",
      "integrity": "sha512-MpSEjRiBkA9crSYeOUH32rJC7SVqAbm0Fqcqge/bUi2PPoLcBWKOsG+C8mevmpr8TwXHBVkChbbJiyvkE+i/3A==",
      "license": "MIT",
      "engines": {
        "node": ">=12.20.0"
      },
      "peerDependencies": {
        "@types/react": ">=18.0.0",
        "immer": ">=9.0.6",
        "react": ">=18.0.0",
        "use-sync-external-store": ">=1.2.0"
      },
      "peerDependenciesMeta": {
        "@types/react": {
          "optional": true
        },
        "immer": {
          "optional": true
        },
        "react": {
          "optional": true
        },
        "use-sync-external-store": {
          "optional": true
        }
      }
    }
  }
}
